
Microsoft Visual Studio Solution File, Format Version 12.00
# Visual Studio Version 17
VisualStudioVersion = 17.4.33205.214
MinimumVisualStudioVersion = 10.0.40219.1
Project("{FAE04EC0-301F-11D3-BF4B-00C04F79EFBC}") = "MyFirstApp", "MyFirstApp.csproj", "{FD55D638-F4AC-47AD-AC1B-0C6089ACC3D2}"
EndProject
Global
	GlobalSection(SolutionConfigurationPlatforms) = preSolution
		Debug|Any CPU = Debug|Any CPU
		Release|Any CPU = Release|Any CPU
	EndGlobalSection
	GlobalSection(ProjectConfigurationPlatforms) = postSolution
		{FD55D638-F4AC-47AD-AC1B-0C6089ACC3D2}.Debug|Any CPU.ActiveCfg = Debug|Any CPU
		{FD55D638-F4AC-47AD-AC1B-0C6089ACC3D2}.Debug|Any CPU.Build.0 = Debug|Any CPU
		{FD55D638-F4AC-47AD-AC1B-0C6089ACC3D2}.Release|Any CPU.ActiveCfg = Release|Any CPU
		{FD55D638-F4AC-47AD-AC1B-0C6089ACC3D2}.Release|Any CPU.Build.0 = Release|Any CPU
	EndGlobalSection
	GlobalSection(SolutionProperties) = preSolution
		HideSolutionNode = FALSE
	EndGlobalSection
	GlobalSection(ExtensibilityGlobals) = postSolution
		SolutionGuid = {25323AC9-8C78-4DD3-8B74-C51EAEE9DA0F}
	EndGlobalSection
EndGlobal
